
Microsoft Visual Studio Solution File, Format Version 12.00
# Visual Studio Version 17
VisualStudioVersion = 17.6.33815.320
MinimumVisualStudioVersion = 10.0.40219.1
Project("{9A19103F-16F7-4668-BE54-9A1E7A4F7556}") = "Lib_Toolbox", "Lib_Toolbox\Lib_Toolbox.csproj", "{7D3374AD-787A-49C8-9D82-22F031469681}"
EndProject
Global
	GlobalSection(SolutionConfigurationPlatforms) = preSolution
		Debug|Any CPU = Debug|Any CPU
		Release|Any CPU = Release|Any CPU
	EndGlobalSection
	GlobalSection(ProjectConfigurationPlatforms) = postSolution
		{7D3374AD-787A-49C8-9D82-22F031469681}.Debug|Any CPU.ActiveCfg = Debug|Any CPU
		{7D3374AD-787A-49C8-9D82-22F031469681}.Debug|Any CPU.Build.0 = Debug|Any CPU
		{7D3374AD-787A-49C8-9D82-22F031469681}.Release|Any CPU.ActiveCfg = Release|Any CPU
		{7D3374AD-787A-49C8-9D82-22F031469681}.Release|Any CPU.Build.0 = Release|Any CPU
	EndGlobalSection
	GlobalSection(SolutionProperties) = preSolution
		HideSolutionNode = FALSE
	EndGlobalSection
	GlobalSection(ExtensibilityGlobals) = postSolution
		SolutionGuid = {8F207360-7B01-4DFD-ABE4-44633524C896}
	EndGlobalSection
EndGlobal
